<?xml version="1.0" encoding="utf-8"?>
<Project ToolsVersion="4.0" xmlns="http://schemas.microsoft.com/developer/msbuild/2003">
  <ItemGroup>
    <Filter Include="ソース ファイル">
      <UniqueIdentifier>{4FC737F1-C7A5-4376-A066-2A32D752A2FF}</UniqueIdentifier>
      <Extensions>cpp;c;cc;cxx;c++;cppm;ixx;def;odl;idl;hpj;bat;asm;asmx</Extensions>
    </Filter>
    <Filter Include="ヘッダー ファイル">
      <UniqueIdentifier>{93995380-89BD-4b04-88EB-625FBE52EBFB}</UniqueIdentifier>
      <Extensions>h;hh;hpp;hxx;h++;hm;inl;inc;ipp;xsd</Extensions>
    </Filter>
    <Filter Include="リソース ファイル">
      <UniqueIdentifier>{67DA6AB6-F800-4c08-8B7A-83BB121AAD01}</UniqueIdentifier>
      <Extensions>rc;ico;cur;bmp;dlg;rc2;rct;bin;rgs;gif;jpg;jpeg;jpe;resx;tiff;tif;png;wav;mfcribbon-ms</Extensions>
    </Filter>
    <Filter Include="ソース ファイル\Engine">
      <UniqueIdentifier>{8cad6531-e3ea-4d58-b68a-c400843c126e}</UniqueIdentifier>
    </Filter>
    <Filter Include="ヘッダー ファイル\Engine">
      <UniqueIdentifier>{b22b2d4b-e339-4086-908b-9b57cbd1ea7d}</UniqueIdentifier>
    </Filter>
    <Filter Include="ヘッダー ファイル\Engine\Camera">
      <UniqueIdentifier>{b2c0ee53-5b02-40a0-9b57-613619f486c7}</UniqueIdentifier>
    </Filter>
    <Filter Include="ヘッダー ファイル\Engine\DirectXBase">
      <UniqueIdentifier>{8e9b3c0f-572c-4bb5-b1a9-beb3ffe41c29}</UniqueIdentifier>
    </Filter>
    <Filter Include="ソース ファイル\Engine\DirectXBase">
      <UniqueIdentifier>{015f0fe1-9208-4e2b-aa95-8793d3c2dd08}</UniqueIdentifier>
    </Filter>
    <Filter Include="ソース ファイル\Engine\Input">
      <UniqueIdentifier>{14ab2cd9-8d2a-4e31-9ffa-444460c89ba3}</UniqueIdentifier>
    </Filter>
    <Filter Include="ヘッダー ファイル\Engine\Input">
      <UniqueIdentifier>{7c10e2ea-50f8-49fc-8110-1967d31819c4}</UniqueIdentifier>
    </Filter>
    <Filter Include="ソース ファイル\Engine\Math">
      <UniqueIdentifier>{495610c2-8469-41f4-964a-589eeeaf1a64}</UniqueIdentifier>
    </Filter>
    <Filter Include="ヘッダー ファイル\Engine\Math">
      <UniqueIdentifier>{68e8cefd-377d-40c3-9dcd-1e2aca8f7a11}</UniqueIdentifier>
    </Filter>
    <Filter Include="ソース ファイル\Engine\Sound">
      <UniqueIdentifier>{a59c51ac-523a-4bc2-80b3-d8509c1abf91}</UniqueIdentifier>
    </Filter>
    <Filter Include="ヘッダー ファイル\Engine\Sound">
      <UniqueIdentifier>{f6878f29-d0b4-475e-8476-e7846adddafc}</UniqueIdentifier>
    </Filter>
    <Filter Include="シェーダーファイル">
      <UniqueIdentifier>{e876b2d0-8a41-4443-bdc1-0847181b8965}</UniqueIdentifier>
    </Filter>
    <Filter Include="ソース ファイル\Engine\3D">
      <UniqueIdentifier>{f99f78d4-fedc-42c3-9b5f-dd4f8dade348}</UniqueIdentifier>
    </Filter>
    <Filter Include="ヘッダー ファイル\Engine\3D">
      <UniqueIdentifier>{d24bc266-d75b-4810-be8f-8027787aac84}</UniqueIdentifier>
    </Filter>
    <Filter Include="ソース ファイル\Engine\2D">
      <UniqueIdentifier>{b149dae8-4421-4c38-bba9-8b16d08ef48d}</UniqueIdentifier>
    </Filter>
    <Filter Include="ヘッダー ファイル\Engine\2D">
      <UniqueIdentifier>{968e1b2a-a2c7-4758-a83a-5b711438ee41}</UniqueIdentifier>
    </Filter>
    <Filter Include="ヘッダー ファイル\Engine\3D\Light">
      <UniqueIdentifier>{a25ac2f5-d6c6-484b-987e-2f452efc4b47}</UniqueIdentifier>
    </Filter>
    <Filter Include="ソース ファイル\Engine\3D\Light">
      <UniqueIdentifier>{e178cf42-4d88-46b2-a4a0-8140beec9bca}</UniqueIdentifier>
    </Filter>
    <Filter Include="ヘッダー ファイル\Engine\3D\Object">
      <UniqueIdentifier>{09efcf81-0ea6-4292-8b4b-d0d5de47cca5}</UniqueIdentifier>
    </Filter>
    <Filter Include="ソース ファイル\Engine\3D\Object">
      <UniqueIdentifier>{7d5838ba-3d15-42cf-9207-02ab1c970e5c}</UniqueIdentifier>
    </Filter>
    <Filter Include="ソース ファイル\Engine\Collision">
      <UniqueIdentifier>{1d25d745-63ba-48f7-88f9-bf8a5739b229}</UniqueIdentifier>
    </Filter>
    <Filter Include="ヘッダー ファイル\Engine\Collision">
      <UniqueIdentifier>{e2a5674b-2d1b-46eb-b325-814150d9c2a2}</UniqueIdentifier>
    </Filter>
    <Filter Include="ソース ファイル\Application">
      <UniqueIdentifier>{3bf7bd47-acb8-41e2-a89a-8b694158a705}</UniqueIdentifier>
    </Filter>
    <Filter Include="ソース ファイル\Application\Scene">
      <UniqueIdentifier>{716774fa-9c84-4ccd-b742-4ac8a73ac07b}</UniqueIdentifier>
    </Filter>
    <Filter Include="ヘッダー ファイル\Application">
      <UniqueIdentifier>{4dce8020-bf13-4ef8-bfe0-68ebc4646c22}</UniqueIdentifier>
    </Filter>
    <Filter Include="ヘッダー ファイル\Application\Scene">
      <UniqueIdentifier>{7bf60efa-b700-4947-a3f4-4dff651b3433}</UniqueIdentifier>
    </Filter>
    <Filter Include="ソース ファイル\Engine\3D\FBX">
      <UniqueIdentifier>{9d0da850-0dc0-43e6-9d34-2664095ba45f}</UniqueIdentifier>
    </Filter>
    <Filter Include="ヘッダー ファイル\Engine\3D\FBX">
      <UniqueIdentifier>{d04585d9-89ee-44d1-bffb-da5931370e5a}</UniqueIdentifier>
    </Filter>
    <Filter Include="ソース ファイル\Engine\LevelLoder">
      <UniqueIdentifier>{27fd540d-aa7e-4940-ba43-f4461c70e6c7}</UniqueIdentifier>
    </Filter>
    <Filter Include="ヘッダー ファイル\Engine\LevelLoder">
      <UniqueIdentifier>{71e63edb-ec52-44e4-90e4-5f50df354623}</UniqueIdentifier>
    </Filter>
    <Filter Include="ソース ファイル\Engine\Camera">
      <UniqueIdentifier>{12d77864-4b93-4c53-b115-90d181194d5a}</UniqueIdentifier>
    </Filter>
    <Filter Include="ソース ファイル\Engine\PostEffect">
      <UniqueIdentifier>{852fa8fb-b0a9-4083-ac79-a459834161e9}</UniqueIdentifier>
    </Filter>
    <Filter Include="ヘッダー ファイル\Engine\PostEffect">
      <UniqueIdentifier>{203dc5b6-c2aa-4161-b6db-c4df0da11eff}</UniqueIdentifier>
    </Filter>
    <Filter Include="ソース ファイル\Application\Player">
      <UniqueIdentifier>{05acbc9b-4073-4457-a8cd-a0461bbfa386}</UniqueIdentifier>
    </Filter>
    <Filter Include="ヘッダー ファイル\Application\Player">
      <UniqueIdentifier>{ad2c1f0e-d018-42fa-a433-76cd76bbb6cb}</UniqueIdentifier>
    </Filter>
    <Filter Include="ヘッダー ファイル\Application\Enemy">
      <UniqueIdentifier>{fdd0991c-7e5e-411b-89f5-46070b1faa3b}</UniqueIdentifier>
    </Filter>
    <Filter Include="ソース ファイル\Application\Enemy">
      <UniqueIdentifier>{acd40bbf-bd8f-4050-86cd-76b15409e96b}</UniqueIdentifier>
    </Filter>
    <Filter Include="シェーダーファイル\Objct">
      <UniqueIdentifier>{c611a32a-99cd-426f-a2d1-ebfee0ac96ae}</UniqueIdentifier>
    </Filter>
    <Filter Include="シェーダーファイル\FBX">
      <UniqueIdentifier>{526ca2c0-3905-4f31-917c-4523f1f67d77}</UniqueIdentifier>
    </Filter>
    <Filter Include="シェーダーファイル\PostEffect">
      <UniqueIdentifier>{ecd4bb78-d5ff-4e1e-a78b-eabcdace8ebd}</UniqueIdentifier>
    </Filter>
    <Filter Include="シェーダーファイル\Sprite">
      <UniqueIdentifier>{a7ef88c4-3a7c-4842-b6eb-3b086b3bc26c}</UniqueIdentifier>
    </Filter>
    <Filter Include="ソース ファイル\Engine\RenderBase">
      <UniqueIdentifier>{f8c0c02b-e839-47cc-8179-2dd9ef26f91a}</UniqueIdentifier>
    </Filter>
    <Filter Include="ヘッダー ファイル\Engine\RenderBase">
      <UniqueIdentifier>{74797585-73ab-4582-859f-37f73b950d55}</UniqueIdentifier>
    </Filter>
    <Filter Include="ソース ファイル\Engine\Particle">
      <UniqueIdentifier>{9e120a0a-124b-46ac-8d9f-c7bb386f5e24}</UniqueIdentifier>
    </Filter>
    <Filter Include="ヘッダー ファイル\Engine\Particle">
      <UniqueIdentifier>{6f663353-4eae-408e-a590-6d61bdc8eaad}</UniqueIdentifier>
    </Filter>
    <Filter Include="シェーダーファイル\Particle">
      <UniqueIdentifier>{9c84ec3f-97c1-474b-9e96-44fbcf4acb82}</UniqueIdentifier>
    </Filter>
    <Filter Include="ヘッダー ファイル\Application\GameCollider">
      <UniqueIdentifier>{ef481233-0f4e-41a2-867e-7210d0ff4117}</UniqueIdentifier>
    </Filter>
    <Filter Include="ソース ファイル\Application\GameCollider">
      <UniqueIdentifier>{5e476ecc-fc25-4c36-beea-02e9db87b397}</UniqueIdentifier>
    </Filter>
    <Filter Include="ヘッダー ファイル\Engine\Util">
      <UniqueIdentifier>{a35bbfc7-876d-49f3-956d-bca0693eaa4f}</UniqueIdentifier>
    </Filter>
    <Filter Include="ソース ファイル\Engine\Util">
      <UniqueIdentifier>{d581b647-1028-49ea-ab31-001f6610daf4}</UniqueIdentifier>
    </Filter>
    <Filter Include="ソース ファイル\Application\UI">
      <UniqueIdentifier>{85c9782b-db4f-4132-b77c-3fe760fefcfd}</UniqueIdentifier>
    </Filter>
    <Filter Include="ヘッダー ファイル\Application\UI">
      <UniqueIdentifier>{9ea442d4-7987-4f0f-b326-df571caa1d67}</UniqueIdentifier>
    </Filter>
    <Filter Include="ソース ファイル\Engine\PostEffect\Bloom">
      <UniqueIdentifier>{cd71b6ba-82e6-4876-bea3-c69f0c88ef40}</UniqueIdentifier>
    </Filter>
    <Filter Include="ソース ファイル\Engine\PostEffect\Bloom\HighLumi">
      <UniqueIdentifier>{8561b5b6-773f-47cd-ba9d-bd42b52df18e}</UniqueIdentifier>
    </Filter>
    <Filter Include="ソース ファイル\Engine\PostEffect\GaussianBlur">
      <UniqueIdentifier>{dc74b682-a03c-4e14-856b-f9959d6e9370}</UniqueIdentifier>
    </Filter>
    <Filter Include="ソース ファイル\Engine\PostEffect\Composition">
      <UniqueIdentifier>{5d72f22f-31c3-4132-8563-dc6fba4d8277}</UniqueIdentifier>
    </Filter>
    <Filter Include="ソース ファイル\Engine\PostEffect\HandlesManager">
      <UniqueIdentifier>{99c433ca-1c1a-4dd1-bb1d-90c3954dda07}</UniqueIdentifier>
    </Filter>
    <Filter Include="ソース ファイル\Engine\PostEffect\PostEffectManager">
      <UniqueIdentifier>{c91725bf-bebd-4d3d-92b6-248c4fec0412}</UniqueIdentifier>
    </Filter>
    <Filter Include="ヘッダー ファイル\Engine\PostEffect\Bloom">
      <UniqueIdentifier>{25c331cb-9a6e-4ada-a6b4-f2659cdea727}</UniqueIdentifier>
    </Filter>
    <Filter Include="ヘッダー ファイル\Engine\PostEffect\Bloom\HighLumi">
      <UniqueIdentifier>{3f02a9fc-2fda-4d57-9361-9bc0bc3ab7ad}</UniqueIdentifier>
    </Filter>
    <Filter Include="ヘッダー ファイル\Engine\PostEffect\GaussianBlur">
      <UniqueIdentifier>{161600ae-7eb6-4fff-8861-64d70b860daf}</UniqueIdentifier>
    </Filter>
    <Filter Include="ヘッダー ファイル\Engine\PostEffect\Composition">
      <UniqueIdentifier>{a810d3d8-9e99-46ca-bd4b-1b1ce2409bfc}</UniqueIdentifier>
    </Filter>
    <Filter Include="ヘッダー ファイル\Engine\PostEffect\HandleManager">
      <UniqueIdentifier>{cd9ac6d2-818d-4a33-a3ef-b7d8917900c0}</UniqueIdentifier>
    </Filter>
    <Filter Include="ヘッダー ファイル\Engine\PostEffect\PostEffectManager">
      <UniqueIdentifier>{8b71494d-ced5-427a-b542-eee651fe1550}</UniqueIdentifier>
    </Filter>
    <Filter Include="シェーダーファイル\PostEffect\Bloom">
      <UniqueIdentifier>{633f9600-9e7c-4a8d-98ff-43a4a1984e72}</UniqueIdentifier>
    </Filter>
    <Filter Include="シェーダーファイル\PostEffect\Blur">
      <UniqueIdentifier>{e596db7c-283e-48cc-a6bb-77dd8641cad4}</UniqueIdentifier>
    </Filter>
    <Filter Include="シェーダーファイル\PostEffect\Composition">
      <UniqueIdentifier>{daa58dd8-9fed-4ab7-8aed-041d4c52f94e}</UniqueIdentifier>
    </Filter>
    <Filter Include="ヘッダー ファイル\Engine\PostEffect\Vignette">
      <UniqueIdentifier>{9213d531-e92c-41f5-8295-d1f363ce56f2}</UniqueIdentifier>
    </Filter>
    <Filter Include="ソース ファイル\Engine\PostEffect\Vignette">
      <UniqueIdentifier>{ceb400c0-fe48-4616-bee7-de5cbc25f29d}</UniqueIdentifier>
    </Filter>
    <Filter Include="シェーダーファイル\PostEffect\Vignette">
      <UniqueIdentifier>{fd1a5a61-8524-4480-b8ef-d8d564e07596}</UniqueIdentifier>
    </Filter>
    <Filter Include="ヘッダー ファイル\Application\Effect">
      <UniqueIdentifier>{1e2f58d9-1090-413d-94c1-7806ba047810}</UniqueIdentifier>
    </Filter>
    <Filter Include="ソース ファイル\Application\Effect">
      <UniqueIdentifier>{845dd74e-0acd-4629-a569-c5bae55ce1a8}</UniqueIdentifier>
    </Filter>
  </ItemGroup>
  <ItemGroup>
    <ClCompile Include="Engine\Camera\ViewProjection.cpp">
      <Filter>ソース ファイル\Engine\Camera</Filter>
    </ClCompile>
    <ClCompile Include="Engine\DirectXBase\DirectXCommon.cpp">
      <Filter>ソース ファイル\Engine\DirectXBase</Filter>
    </ClCompile>
    <ClCompile Include="Engine\DirectXBase\WinApp.cpp">
      <Filter>ソース ファイル\Engine\DirectXBase</Filter>
    </ClCompile>
    <ClCompile Include="Engine\Input\Input.cpp">
      <Filter>ソース ファイル\Engine\Input</Filter>
    </ClCompile>
    <ClCompile Include="Engine\Math\Matrix4.cpp">
      <Filter>ソース ファイル\Engine\Math</Filter>
    </ClCompile>
    <ClCompile Include="Engine\Math\Vector2.cpp">
      <Filter>ソース ファイル\Engine\Math</Filter>
    </ClCompile>
    <ClCompile Include="Engine\Math\Vector3.cpp">
      <Filter>ソース ファイル\Engine\Math</Filter>
    </ClCompile>
    <ClCompile Include="Engine\Math\Vector4.cpp">
      <Filter>ソース ファイル\Engine\Math</Filter>
    </ClCompile>
    <ClCompile Include="Engine\Sound\Sound.cpp">
      <Filter>ソース ファイル\Engine\Sound</Filter>
    </ClCompile>
    <ClCompile Include="Engine\DirectXBase\Texture.cpp">
      <Filter>ソース ファイル\Engine\DirectXBase</Filter>
    </ClCompile>
    <ClCompile Include="Engine\2D\Sprite.cpp">
      <Filter>ソース ファイル\Engine\2D</Filter>
    </ClCompile>
    <ClCompile Include="Engine\2D\SpriteManager.cpp">
      <Filter>ソース ファイル\Engine\2D</Filter>
    </ClCompile>
    <ClCompile Include="Engine\3D\WorldTransform.cpp">
      <Filter>ソース ファイル\Engine\3D</Filter>
    </ClCompile>
    <ClCompile Include="Engine\Math\Quaternion.cpp">
      <Filter>ソース ファイル\Engine\Math</Filter>
    </ClCompile>
    <ClCompile Include="Engine\DirectXBase\ImGuiManager.cpp">
      <Filter>ソース ファイル\Engine\DirectXBase</Filter>
    </ClCompile>
    <ClCompile Include="Engine\3D\Light\DirectionalLight.cpp">
      <Filter>ソース ファイル\Engine\3D\Light</Filter>
    </ClCompile>
    <ClCompile Include="Engine\3D\Light\LightGroup.cpp">
      <Filter>ソース ファイル\Engine\3D\Light</Filter>
    </ClCompile>
    <ClCompile Include="Engine\3D\Object\Material.cpp">
      <Filter>ソース ファイル\Engine\3D\Object</Filter>
    </ClCompile>
    <ClCompile Include="Engine\3D\Object\Model.cpp">
      <Filter>ソース ファイル\Engine\3D\Object</Filter>
    </ClCompile>
    <ClCompile Include="Engine\3D\Object\Object3d.cpp">
      <Filter>ソース ファイル\Engine\3D\Object</Filter>
    </ClCompile>
    <ClCompile Include="Engine\3D\Light\PointLight.cpp">
      <Filter>ソース ファイル\Engine\3D\Light</Filter>
    </ClCompile>
    <ClCompile Include="Engine\3D\Light\SpotLight.cpp">
      <Filter>ソース ファイル\Engine\3D\Light</Filter>
    </ClCompile>
    <ClCompile Include="Engine\3D\Light\CircleShadow.cpp">
      <Filter>ソース ファイル\Engine\3D\Light</Filter>
    </ClCompile>
    <ClCompile Include="Application\Scene\GameScene.cpp">
      <Filter>ソース ファイル\Application\Scene</Filter>
    </ClCompile>
    <ClCompile Include="Engine\Collision\Collision.cpp">
      <Filter>ソース ファイル\Engine\Collision</Filter>
    </ClCompile>
    <ClCompile Include="Engine\Collision\CollisionPrimitive.cpp">
      <Filter>ソース ファイル\Engine\Collision</Filter>
    </ClCompile>
    <ClCompile Include="Engine\Collision\CollisionTypes.cpp">
      <Filter>ソース ファイル\Engine\Collision</Filter>
    </ClCompile>
    <ClCompile Include="Engine\Collision\BaseCollider.cpp">
      <Filter>ソース ファイル\Engine\Collision</Filter>
    </ClCompile>
    <ClCompile Include="Engine\Collision\CollisionInfo.cpp">
      <Filter>ソース ファイル\Engine\Collision</Filter>
    </ClCompile>
    <ClCompile Include="Engine\3D\Object\Fog.cpp">
      <Filter>ソース ファイル\Engine\3D\Object</Filter>
    </ClCompile>
    <ClCompile Include="Engine\Collision\SphereCollider.cpp">
      <Filter>ソース ファイル\Engine\Collision</Filter>
    </ClCompile>
    <ClCompile Include="Engine\Collision\CollisionManager.cpp">
      <Filter>ソース ファイル\Engine\Collision</Filter>
    </ClCompile>
    <ClCompile Include="Engine\Collision\RaycastHit.cpp">
      <Filter>ソース ファイル\Engine\Collision</Filter>
    </ClCompile>
    <ClCompile Include="Engine\3D\Object\Mesh.cpp">
      <Filter>ソース ファイル\Engine\3D\Object</Filter>
    </ClCompile>
    <ClCompile Include="Engine\Collision\MeshCollider.cpp">
      <Filter>ソース ファイル\Engine\Collision</Filter>
    </ClCompile>
    <ClCompile Include="Engine\Collision\CollisionAttribute.cpp">
      <Filter>ソース ファイル\Engine\Collision</Filter>
    </ClCompile>
    <ClCompile Include="Engine\Collision\QueryCallback.cpp">
      <Filter>ソース ファイル\Engine\Collision</Filter>
    </ClCompile>
    <ClCompile Include="Engine\3D\FBX\FbxAnimetion.cpp">
      <Filter>ソース ファイル\Engine\3D\FBX</Filter>
    </ClCompile>
    <ClCompile Include="Engine\3D\FBX\FbxLoader.cpp">
      <Filter>ソース ファイル\Engine\3D\FBX</Filter>
    </ClCompile>
    <ClCompile Include="Engine\3D\FBX\FbxModel.cpp">
      <Filter>ソース ファイル\Engine\3D\FBX</Filter>
    </ClCompile>
    <ClCompile Include="Engine\LevelLoder\LevelLoder.cpp">
      <Filter>ソース ファイル\Engine\LevelLoder</Filter>
    </ClCompile>
    <ClCompile Include="Engine\DirectXBase\TextureManager.cpp">
      <Filter>ソース ファイル\Engine\DirectXBase</Filter>
    </ClCompile>
    <ClCompile Include="Engine\Math\MathUtil.cpp">
      <Filter>ソース ファイル\Engine\Math</Filter>
    </ClCompile>
    <ClCompile Include="Engine\PostEffect\PostEffect.cpp">
      <Filter>ソース ファイル\Engine\PostEffect</Filter>
    </ClCompile>
    <ClCompile Include="Engine\Input\JoyPadInput.cpp">
      <Filter>ソース ファイル\Engine\Input</Filter>
    </ClCompile>
    <ClCompile Include="Engine\PostEffect\PostColorInversion.cpp">
      <Filter>ソース ファイル\Engine\PostEffect</Filter>
    </ClCompile>
    <ClCompile Include="Engine\Input\InputManager.cpp">
      <Filter>ソース ファイル\Engine\Input</Filter>
    </ClCompile>
    <ClCompile Include="Application\main.cpp">
      <Filter>ソース ファイル\Engine</Filter>
    </ClCompile>
    <ClCompile Include="Application\Player\Player.cpp">
      <Filter>ソース ファイル\Application\Player</Filter>
    </ClCompile>
    <ClCompile Include="Application\Enemy\Enemy.cpp">
      <Filter>ソース ファイル\Application\Enemy</Filter>
    </ClCompile>
    <ClCompile Include="Engine\PostEffect\PostRenderBase.cpp">
      <Filter>ソース ファイル\Engine\PostEffect</Filter>
    </ClCompile>
    <ClCompile Include="Engine\3D\Object\Dissolve.cpp">
      <Filter>ソース ファイル\Engine\3D\Object</Filter>
    </ClCompile>
    <ClCompile Include="Application\Scene\TouchableObject.cpp">
      <Filter>ソース ファイル\Engine\Collision</Filter>
    </ClCompile>
    <ClCompile Include="Engine\RenderBase\ShaderObj.cpp">
      <Filter>ソース ファイル\Engine\RenderBase</Filter>
    </ClCompile>
    <ClCompile Include="Engine\Particle\ParticleManager.cpp">
      <Filter>ソース ファイル\Engine\Particle</Filter>
    </ClCompile>
    <ClCompile Include="Application\Scene\GameCamera.cpp">
      <Filter>ソース ファイル\Application\Scene</Filter>
    </ClCompile>
    <ClCompile Include="Application\GameCollider\GameCollider.cpp">
      <Filter>ソース ファイル\Application\GameCollider</Filter>
    </ClCompile>
    <ClCompile Include="Application\Player\PlayerBullet.cpp">
      <Filter>ソース ファイル\Application\Player</Filter>
    </ClCompile>
    <ClCompile Include="Engine\Math\Easing.cpp">
      <Filter>ソース ファイル\Engine\Math</Filter>
    </ClCompile>
    <ClCompile Include="Engine\Math\Random.cpp">
      <Filter>ソース ファイル\Engine\Math</Filter>
    </ClCompile>
    <ClCompile Include="Engine\Util\Util.cpp">
      <Filter>ソース ファイル\Engine\Util</Filter>
    </ClCompile>
    <ClCompile Include="Application\UI\TimerUI.cpp">
      <Filter>ソース ファイル\Application\UI</Filter>
    </ClCompile>
    <ClCompile Include="Application\UI\OperationUI.cpp">
      <Filter>ソース ファイル\Application\UI</Filter>
    </ClCompile>
    <ClCompile Include="Engine\PostEffect\Bloom\PostEffectHighLumi.cpp">
      <Filter>ソース ファイル\Engine\PostEffect\Bloom\HighLumi</Filter>
    </ClCompile>
    <ClCompile Include="Engine\PostEffect\Blur\GaussianBlur.cpp">
      <Filter>ソース ファイル\Engine\PostEffect\GaussianBlur</Filter>
    </ClCompile>
    <ClCompile Include="Engine\PostEffect\Composition\PostEffectComposition.cpp">
      <Filter>ソース ファイル\Engine\PostEffect\Composition</Filter>
    </ClCompile>
    <ClCompile Include="Engine\PostEffect\PostEffectHandleManager.cpp">
      <Filter>ソース ファイル\Engine\PostEffect\HandlesManager</Filter>
    </ClCompile>
    <ClCompile Include="Engine\PostEffect\PostEffectManager.cpp">
      <Filter>ソース ファイル\Engine\PostEffect\PostEffectManager</Filter>
    </ClCompile>
    <ClCompile Include="Engine\PostEffect\PostTarget.cpp">
      <Filter>ソース ファイル\Engine\PostEffect</Filter>
    </ClCompile>
    <ClCompile Include="Engine\PostEffect\Bloom\HiguLumiTarget.cpp">
      <Filter>ソース ファイル\Engine\PostEffect\Bloom\HighLumi</Filter>
    </ClCompile>
    <ClCompile Include="Engine\PostEffect\Vignette\Vignette.cpp">
      <Filter>ソース ファイル\Engine\PostEffect\Vignette</Filter>
    </ClCompile>
    <ClCompile Include="Engine\DirectXBase\MyGame.cpp">
      <Filter>ソース ファイル\Engine\DirectXBase</Filter>
    </ClCompile>
    <ClCompile Include="Application\Effect\BeatEffect.cpp">
      <Filter>ソース ファイル\Application\Effect</Filter>
    </ClCompile>
    <ClCompile Include="Application\Scene\GameClearScene.cpp">
      <Filter>ソース ファイル\Application\Scene</Filter>
    </ClCompile>
    <ClCompile Include="Application\Scene\GameOverScene.cpp">
      <Filter>ソース ファイル\Application\Scene</Filter>
    </ClCompile>
    <ClCompile Include="Application\Scene\SceneManager.cpp">
      <Filter>ソース ファイル\Application\Scene</Filter>
    </ClCompile>
    <ClCompile Include="Application\Scene\TitleScene.cpp">
      <Filter>ソース ファイル\Application\Scene</Filter>
    </ClCompile>
  </ItemGroup>
  <ItemGroup>
    <ClInclude Include="Engine\Camera\ViewProjection.h">
      <Filter>ヘッダー ファイル\Engine\Camera</Filter>
    </ClInclude>
    <ClInclude Include="Engine\DirectXBase\DirectXCommon.h">
      <Filter>ヘッダー ファイル\Engine\DirectXBase</Filter>
    </ClInclude>
    <ClInclude Include="Engine\DirectXBase\WinApp.h">
      <Filter>ヘッダー ファイル\Engine\DirectXBase</Filter>
    </ClInclude>
    <ClInclude Include="Engine\Input\Input.h">
      <Filter>ヘッダー ファイル\Engine\Input</Filter>
    </ClInclude>
    <ClInclude Include="Engine\Math\Matrix4.h">
      <Filter>ヘッダー ファイル\Engine\Math</Filter>
    </ClInclude>
    <ClInclude Include="Engine\Math\Vector2.h">
      <Filter>ヘッダー ファイル\Engine\Math</Filter>
    </ClInclude>
    <ClInclude Include="Engine\Math\Vector3.h">
      <Filter>ヘッダー ファイル\Engine\Math</Filter>
    </ClInclude>
    <ClInclude Include="Engine\Math\Vector4.h">
      <Filter>ヘッダー ファイル\Engine\Math</Filter>
    </ClInclude>
    <ClInclude Include="Engine\Sound\Sound.h">
      <Filter>ヘッダー ファイル\Engine\Sound</Filter>
    </ClInclude>
    <ClInclude Include="Engine\DirectXBase\Texture.h">
      <Filter>ヘッダー ファイル\Engine\DirectXBase</Filter>
    </ClInclude>
    <ClInclude Include="Engine\2D\Sprite.h">
      <Filter>ヘッダー ファイル\Engine\2D</Filter>
    </ClInclude>
    <ClInclude Include="Engine\2D\SpriteManager.h">
      <Filter>ヘッダー ファイル\Engine\2D</Filter>
    </ClInclude>
    <ClInclude Include="Engine\3D\WorldTransform.h">
      <Filter>ヘッダー ファイル\Engine\3D</Filter>
    </ClInclude>
    <ClInclude Include="Engine\Math\Quaternion.h">
      <Filter>ヘッダー ファイル\Engine\Math</Filter>
    </ClInclude>
    <ClInclude Include="Engine\DirectXBase\ImGuiManager.h">
      <Filter>ヘッダー ファイル\Engine\DirectXBase</Filter>
    </ClInclude>
    <ClInclude Include="Engine\3D\Light\LightGroup.h">
      <Filter>ヘッダー ファイル\Engine\3D\Light</Filter>
    </ClInclude>
    <ClInclude Include="Engine\3D\Light\DirectionalLight.h">
      <Filter>ヘッダー ファイル\Engine\3D\Light</Filter>
    </ClInclude>
    <ClInclude Include="Engine\3D\Object\Material.h">
      <Filter>ヘッダー ファイル\Engine\3D\Object</Filter>
    </ClInclude>
    <ClInclude Include="Engine\3D\Object\Model.h">
      <Filter>ヘッダー ファイル\Engine\3D\Object</Filter>
    </ClInclude>
    <ClInclude Include="Engine\3D\Object\Object3d.h">
      <Filter>ヘッダー ファイル\Engine\3D\Object</Filter>
    </ClInclude>
    <ClInclude Include="Engine\3D\Light\PointLight.h">
      <Filter>ヘッダー ファイル\Engine\3D\Light</Filter>
    </ClInclude>
    <ClInclude Include="Application\Scene\GameScene.h">
      <Filter>ヘッダー ファイル\Application\Scene</Filter>
    </ClInclude>
    <ClInclude Include="Engine\3D\Light\SpotLight.h">
      <Filter>ヘッダー ファイル\Engine\3D\Light</Filter>
    </ClInclude>
    <ClInclude Include="Engine\3D\Light\CircleShadow.h">
      <Filter>ヘッダー ファイル\Engine\3D\Light</Filter>
    </ClInclude>
    <ClInclude Include="Engine\Collision\Collision.h">
      <Filter>ヘッダー ファイル\Engine\Collision</Filter>
    </ClInclude>
    <ClInclude Include="Engine\Collision\CollisionPrimitive.h">
      <Filter>ヘッダー ファイル\Engine\Collision</Filter>
    </ClInclude>
    <ClInclude Include="Engine\Collision\CollisionTypes.h">
      <Filter>ヘッダー ファイル\Engine\Collision</Filter>
    </ClInclude>
    <ClInclude Include="Engine\Collision\BaseCollider.h">
      <Filter>ヘッダー ファイル\Engine\Collision</Filter>
    </ClInclude>
    <ClInclude Include="Engine\Collision\CollisionInfo.h">
      <Filter>ヘッダー ファイル\Engine\Collision</Filter>
    </ClInclude>
    <ClInclude Include="Engine\3D\Object\Fog.h">
      <Filter>ヘッダー ファイル\Engine\3D\Object</Filter>
    </ClInclude>
    <ClInclude Include="Engine\Collision\SphereCollider.h">
      <Filter>ヘッダー ファイル\Engine\Collision</Filter>
    </ClInclude>
    <ClInclude Include="Engine\Collision\CollisionManager.h">
      <Filter>ヘッダー ファイル\Engine\Collision</Filter>
    </ClInclude>
    <ClInclude Include="Engine\Collision\RaycastHit.h">
      <Filter>ヘッダー ファイル\Engine\Collision</Filter>
    </ClInclude>
    <ClInclude Include="Engine\3D\Object\Mesh.h">
      <Filter>ヘッダー ファイル\Engine\3D\Object</Filter>
    </ClInclude>
    <ClInclude Include="Engine\Collision\MeshCollider.h">
      <Filter>ヘッダー ファイル\Engine\Collision</Filter>
    </ClInclude>
    <ClInclude Include="Engine\Collision\CollisionAttribute.h">
      <Filter>ヘッダー ファイル\Engine\Collision</Filter>
    </ClInclude>
    <ClInclude Include="Engine\Collision\QueryCallback.h">
      <Filter>ヘッダー ファイル\Engine\Collision</Filter>
    </ClInclude>
    <ClInclude Include="Engine\3D\FBX\FbxAnimetion.h">
      <Filter>ヘッダー ファイル\Engine\3D\FBX</Filter>
    </ClInclude>
    <ClInclude Include="Engine\3D\FBX\FbxLoader.h">
      <Filter>ヘッダー ファイル\Engine\3D\FBX</Filter>
    </ClInclude>
    <ClInclude Include="Engine\3D\FBX\FbxModel.h">
      <Filter>ヘッダー ファイル\Engine\3D\FBX</Filter>
    </ClInclude>
    <ClInclude Include="Engine\LevelLoder\LevelLoder.h">
      <Filter>ヘッダー ファイル\Engine\LevelLoder</Filter>
    </ClInclude>
    <ClInclude Include="Engine\DirectXBase\TextureManager.h">
      <Filter>ヘッダー ファイル\Engine\DirectXBase</Filter>
    </ClInclude>
    <ClInclude Include="Engine\Math\MathUtil.h">
      <Filter>ヘッダー ファイル\Engine\Math</Filter>
    </ClInclude>
    <ClInclude Include="Engine\PostEffect\PostEffect.h">
      <Filter>ヘッダー ファイル\Engine\PostEffect</Filter>
    </ClInclude>
    <ClInclude Include="Engine\Input\JoyPadInput.h">
      <Filter>ヘッダー ファイル\Engine\Input</Filter>
    </ClInclude>
    <ClInclude Include="Engine\Input\Singleton.h">
      <Filter>ヘッダー ファイル\Engine\LevelLoder</Filter>
    </ClInclude>
    <ClInclude Include="Engine\PostEffect\PostColorInversion.h">
      <Filter>ヘッダー ファイル\Engine\PostEffect</Filter>
    </ClInclude>
    <ClInclude Include="Engine\Input\InputManager.h">
      <Filter>ヘッダー ファイル\Engine\Input</Filter>
    </ClInclude>
    <ClInclude Include="Application\Player\Player.h">
      <Filter>ヘッダー ファイル\Application\Player</Filter>
    </ClInclude>
    <ClInclude Include="Application\Enemy\Enemy.h">
      <Filter>ヘッダー ファイル\Application\Enemy</Filter>
    </ClInclude>
    <ClInclude Include="Engine\PostEffect\PostRenderBase.h">
      <Filter>ヘッダー ファイル\Engine\PostEffect</Filter>
    </ClInclude>
    <ClInclude Include="Engine\3D\Object\Dissolve.h">
      <Filter>ヘッダー ファイル\Engine\3D\Object</Filter>
    </ClInclude>
    <ClInclude Include="Application\Scene\TouchableObject.h">
      <Filter>ヘッダー ファイル\Engine\Collision</Filter>
    </ClInclude>
    <ClInclude Include="Engine\RenderBase\ShaderObj.h">
      <Filter>ヘッダー ファイル\Engine\RenderBase</Filter>
    </ClInclude>
    <ClInclude Include="Engine\Particle\ParticleManager.h">
      <Filter>ヘッダー ファイル\Engine\Particle</Filter>
    </ClInclude>
    <ClInclude Include="Application\Scene\GameCamera.h">
      <Filter>ヘッダー ファイル\Application\Scene</Filter>
    </ClInclude>
    <ClInclude Include="Application\GameCollider\GameCollider.h">
      <Filter>ヘッダー ファイル\Application\GameCollider</Filter>
    </ClInclude>
    <ClInclude Include="Application\Player\PlayerBullet.h">
      <Filter>ヘッダー ファイル\Application\Player</Filter>
    </ClInclude>
    <ClInclude Include="Engine\Math\Easing.h">
      <Filter>ヘッダー ファイル\Engine\Math</Filter>
    </ClInclude>
    <ClInclude Include="Engine\Math\Random.h">
      <Filter>ヘッダー ファイル\Engine\Math</Filter>
    </ClInclude>
    <ClInclude Include="Engine\Util\Util.h">
      <Filter>ヘッダー ファイル\Engine\Util</Filter>
    </ClInclude>
    <ClInclude Include="Application\UI\TimerUI.h">
      <Filter>ヘッダー ファイル\Application\UI</Filter>
    </ClInclude>
    <ClInclude Include="Application\UI\OperationUI.h">
      <Filter>ヘッダー ファイル\Application\UI</Filter>
    </ClInclude>
    <ClInclude Include="Engine\DirectXBase\WarningDisable.h">
      <Filter>ヘッダー ファイル\Engine\DirectXBase</Filter>
    </ClInclude>
    <ClInclude Include="Engine\PostEffect\Bloom\PostEffectHighLumi.h">
      <Filter>ヘッダー ファイル\Engine\PostEffect\Bloom\HighLumi</Filter>
    </ClInclude>
    <ClInclude Include="Engine\PostEffect\Blur\GaussianBlur.h">
      <Filter>ヘッダー ファイル\Engine\PostEffect\GaussianBlur</Filter>
    </ClInclude>
    <ClInclude Include="Engine\PostEffect\Composition\PostEffectComposition.h">
      <Filter>ヘッダー ファイル\Engine\PostEffect\Composition</Filter>
    </ClInclude>
    <ClInclude Include="Engine\PostEffect\PostEffectHandleManager.h">
      <Filter>ヘッダー ファイル\Engine\PostEffect\HandleManager</Filter>
    </ClInclude>
    <ClInclude Include="Engine\PostEffect\PostEffectManager.h">
      <Filter>ヘッダー ファイル\Engine\PostEffect\PostEffectManager</Filter>
    </ClInclude>
    <ClInclude Include="Engine\PostEffect\PostTarget.h">
      <Filter>ヘッダー ファイル\Engine\PostEffect</Filter>
    </ClInclude>
    <ClInclude Include="Engine\PostEffect\Bloom\HiguLumiTarget.h">
      <Filter>ヘッダー ファイル\Engine\PostEffect\Bloom\HighLumi</Filter>
    </ClInclude>
    <ClInclude Include="Engine\PostEffect\Vignette\Vignette.h">
      <Filter>ヘッダー ファイル\Engine\PostEffect\Vignette</Filter>
    </ClInclude>
    <ClInclude Include="Engine\DirectXBase\MyGame.h">
      <Filter>ヘッダー ファイル\Engine\DirectXBase</Filter>
    </ClInclude>
    <ClInclude Include="Application\Effect\BeatEffect.h">
      <Filter>ヘッダー ファイル\Application\Effect</Filter>
    </ClInclude>
    <ClInclude Include="Application\Scene\TitleScene.h">
      <Filter>ヘッダー ファイル\Application\Scene</Filter>
    </ClInclude>
    <ClInclude Include="Application\Scene\GameClearScene.h">
      <Filter>ヘッダー ファイル\Application\Scene</Filter>
    </ClInclude>
    <ClInclude Include="Application\Scene\GameOverScene.h">
      <Filter>ヘッダー ファイル\Application\Scene</Filter>
    </ClInclude>
    <ClInclude Include="Application\Scene\SceneManager.h">
      <Filter>ヘッダー ファイル\Application\Scene</Filter>
    </ClInclude>
  </ItemGroup>
  <ItemGroup>
    <None Include="Resources\shaders\Basic.hlsli">
      <Filter>シェーダーファイル</Filter>
    </None>
    <None Include="Resources\Shaders\FBX\FBX.hlsli">
      <Filter>シェーダーファイル\FBX</Filter>
    </None>
    <None Include="Resources\Shaders\Object\OBJShaderHeader.hlsli">
      <Filter>シェーダーファイル\Objct</Filter>
    </None>
    <None Include="Resources\Shaders\PostEffect\PostEffectHeader (2).hlsli">
      <Filter>シェーダーファイル\PostEffect</Filter>
    </None>
    <None Include="Resources\Shaders\PostEffect\PostEffectHeader.hlsli">
      <Filter>シェーダーファイル\PostEffect</Filter>
    </None>
    <None Include="Resources\Shaders\Sprite\SpriteShaderHeader.hlsli">
      <Filter>シェーダーファイル\Sprite</Filter>
    </None>
    <None Include="Resources\Shaders\Particle\ParticleShaderHeader.hlsli">
      <Filter>シェーダーファイル\Particle</Filter>
    </None>
    <None Include=".editorconfig" />
    <None Include="Resources\Shaders\PostEffect\Composition\CompositionHeader.hlsli">
      <Filter>シェーダーファイル\PostEffect\Composition</Filter>
    </None>
    <None Include="Resources\Shaders\PostEffect\Bloom\GaussianBlurHeader.hlsli">
      <Filter>シェーダーファイル\PostEffect\Blur</Filter>
    </None>
    <None Include="Resources\Shaders\PostEffect\Bloom\HighLumiHeader.hlsli">
      <Filter>シェーダーファイル\PostEffect\Bloom</Filter>
    </None>
    <None Include="Resources\Shaders\Object\SilhouetteHeader.hlsli">
      <Filter>シェーダーファイル\Objct</Filter>
    </None>
    <None Include="Resources\Shaders\PostEffect\Vignette\VignetteHeader.hlsli">
      <Filter>シェーダーファイル\PostEffect\Vignette</Filter>
    </None>
  </ItemGroup>
  <ItemGroup>
    <FxCompile Include="Resources\shaders\BasicPS.hlsl">
      <Filter>シェーダーファイル</Filter>
    </FxCompile>
    <FxCompile Include="Resources\shaders\BasicVS.hlsl">
      <Filter>シェーダーファイル</Filter>
    </FxCompile>
    <FxCompile Include="Resources\Shaders\FBX\FBXGS.hlsl">
      <Filter>シェーダーファイル\FBX</Filter>
    </FxCompile>
    <FxCompile Include="Resources\Shaders\FBX\FBXPS.hlsl">
      <Filter>シェーダーファイル\FBX</Filter>
    </FxCompile>
    <FxCompile Include="Resources\Shaders\FBX\FBXVS.hlsl">
      <Filter>シェーダーファイル\FBX</Filter>
    </FxCompile>
    <FxCompile Include="Resources\Shaders\Object\OBJPixcelShader.hlsl">
      <Filter>シェーダーファイル\Objct</Filter>
    </FxCompile>
    <FxCompile Include="Resources\Shaders\Object\OBJVertexShader.hlsl">
      <Filter>シェーダーファイル\Objct</Filter>
    </FxCompile>
    <FxCompile Include="Resources\Shaders\PostEffect\PostEffectPS (2).hlsl">
      <Filter>シェーダーファイル\PostEffect</Filter>
    </FxCompile>
    <FxCompile Include="Resources\Shaders\PostEffect\PostEffectPS.hlsl">
      <Filter>シェーダーファイル\PostEffect</Filter>
    </FxCompile>
    <FxCompile Include="Resources\Shaders\PostEffect\PostEffectVS (2).hlsl">
      <Filter>シェーダーファイル\PostEffect</Filter>
    </FxCompile>
    <FxCompile Include="Resources\Shaders\PostEffect\PostEffectVS.hlsl">
      <Filter>シェーダーファイル\PostEffect</Filter>
    </FxCompile>
    <FxCompile Include="Resources\Shaders\Sprite\SpritePixelShader.hlsl">
      <Filter>シェーダーファイル\Sprite</Filter>
    </FxCompile>
    <FxCompile Include="Resources\Shaders\Sprite\SpriteVertexShader.hlsl">
      <Filter>シェーダーファイル\Sprite</Filter>
    </FxCompile>
    <FxCompile Include="Resources\Shaders\Particle\ParticleGeometryShader.hlsl">
      <Filter>シェーダーファイル\Particle</Filter>
    </FxCompile>
    <FxCompile Include="Resources\Shaders\Particle\ParticlePixelShader.hlsl">
      <Filter>シェーダーファイル\Particle</Filter>
    </FxCompile>
    <FxCompile Include="Resources\Shaders\Particle\ParticleVertexShader.hlsl">
      <Filter>シェーダーファイル\Particle</Filter>
    </FxCompile>
    <FxCompile Include="Resources\Shaders\PostEffect\Composition\CompositionPS.hlsl">
      <Filter>シェーダーファイル\PostEffect\Composition</Filter>
    </FxCompile>
    <FxCompile Include="Resources\Shaders\PostEffect\Composition\CompositionVS.hlsl">
      <Filter>シェーダーファイル\PostEffect\Composition</Filter>
    </FxCompile>
    <FxCompile Include="Resources\Shaders\PostEffect\Bloom\GaussianBlurPS.hlsl">
      <Filter>シェーダーファイル\PostEffect\Blur</Filter>
    </FxCompile>
    <FxCompile Include="Resources\Shaders\PostEffect\Bloom\GaussianBlurVS.hlsl">
      <Filter>シェーダーファイル\PostEffect\Blur</Filter>
    </FxCompile>
    <FxCompile Include="Resources\Shaders\PostEffect\Bloom\HighLumiPS.hlsl">
      <Filter>シェーダーファイル\PostEffect\Bloom</Filter>
    </FxCompile>
    <FxCompile Include="Resources\Shaders\PostEffect\Bloom\HighLumiVS.hlsl">
      <Filter>シェーダーファイル\PostEffect\Bloom</Filter>
    </FxCompile>
    <FxCompile Include="Resources\Shaders\Object\SilhouettePS.hlsl">
      <Filter>シェーダーファイル\Objct</Filter>
    </FxCompile>
    <FxCompile Include="Resources\Shaders\Object\SilhouetteVS.hlsl">
      <Filter>シェーダーファイル\Objct</Filter>
    </FxCompile>
    <FxCompile Include="Resources\Shaders\PostEffect\Vignette\VignettePS.hlsl">
      <Filter>シェーダーファイル\PostEffect\Vignette</Filter>
    </FxCompile>
    <FxCompile Include="Resources\Shaders\PostEffect\Vignette\VignetteVS.hlsl">
      <Filter>シェーダーファイル\PostEffect\Vignette</Filter>
    </FxCompile>
  </ItemGroup>
</Project>